{
    "_meta": {
        "hash": {
            "sha256": "559b28f0786c06b39f1f4deac4df357cfb704b8db3854e5ce8b4fa8c56107b80"
        },
        "pipfile-spec": 6,
        "requires": {
            "python_version": "3.7"
        },
        "sources": [
            {
                "name": "pypi",
                "url": "https://pypi.org/simple",
                "verify_ssl": true
            }
        ]
    },
    "default": {
        "certifi": {
            "hashes": [
                "sha256:5930595817496dd21bb8dc35dad090f1c2cd0adfaf21204bf6732ca5d8ee34d3",
                "sha256:8fc0819f1f30ba15bdb34cceffb9ef04d99f420f68eb75d901e9560b8749fc41"
            ],
            "version": "==2020.6.20"
        },
        "chardet": {
            "hashes": [
                "sha256:84ab92ed1c4d4f16916e05906b6b75a6c0fb5db821cc65e70cbd64a3e2a5eaae",
                "sha256:fc323ffcaeaed0e0a02bf4d117757b98aed530d9ed4531e3e15460124c106691"
            ],
            "version": "==3.0.4"
        },
        "docutils": {
            "hashes": [
                "sha256:0c5b78adfbf7762415433f5515cd5c9e762339e23369dbe8000d84a4bf4ab3af",
                "sha256:c2de3a60e9e7d07be26b7f2b00ca0309c207e06c100f9cc2a94931fc75a478fc"
            ],
            "index": "pypi",
            "version": "==0.16"
        },
        "idna": {
            "hashes": [
                "sha256:b307872f855b18632ce0c21c5e45be78c0ea7ae4c15c828c20788b26921eb3f6",
                "sha256:b97d804b1e9b523befed77c48dacec60e6dcb0b5391d57af6a65a312a90648c0"
            ],
            "version": "==2.10"
        },
        "kivy": {
            "hashes": [
                "sha256:090d3ded9835a17477cd93fbdaf0a7c42ff2218981cf198ded5ad8795bc74391",
                "sha256:11e85eaf6efbfa2362a3334ffdad179a1b0ca8d255cca79eaa6a2765560d4982",
                "sha256:1a1ff32f8a95f1e175198cbab81fcd2596783b180d4eafe63e87d171aa7fdb5e",
                "sha256:1d28b198a64c30db8d94a0488e85f3037af60d514ab0d7ad5ab45add3ab77090",
                "sha256:4a5480cbf837d3780c77a4f61b32b56d22ae9f03845e7a89dd3eaef1ae5fd037",
                "sha256:4d0e596f74271e901b551f77661dde238df4765484fce9f5d1c72e8022984e84",
                "sha256:5c3d0f2749522d62e9cce09cd54b2d823bf1b6b644ff1f627be49de6f3e3cba0",
                "sha256:815a5c0b3b72fcd81ca7b2aa0744087163ed03e4cf9ab4e7c9733cea99fc1571",
                "sha256:8819a27a09871af451760cb69486ced52e830c8a0a37480f22ef5e692f12c05b",
                "sha256:a687602d90c4629dd036f577ca39acb76ba581370f9d915f3cab99be818ba8ad",
                "sha256:b7ef6aad43a86d8df3fb865db864e354f2155a748019f8517f69f65c1a29cb64",
                "sha256:b85ccf165050cbf2ee8447671eebbc222b369b40f0e0038dd9547d49a5e37373",
                "sha256:c36652caa7f6c327dee834cfc699d5962d346b7a53e54bd81abc17c314226d89",
                "sha256:ece170514db3f49844a41e4c910ad9ce9bc46da6f47a49158e11266bdcc6e479",
                "sha256:f3bea6e4a21991827885d04127fc6d09a0e974ecfa12da7bf5faae93562ea102",
                "sha256:f835462dd9aa491272552ef079b948a088598e2e95d68bb1d885d2c3f3d4e2c3"
            ],
            "index": "pypi",
            "version": "==1.11.1"
        },
        "kivy-deps-glew": {
            "hashes": [
                "sha256:285c50d706ae94090f96724cc72b47cf89dfdf249057405c2260991caaeb0d64",
                "sha256:39bc81b68aa9c3c051472624d5e9cf57e5b8cedcafc3f4d2edc5b26708742a9e",
                "sha256:5012c02bce7fa8e59c053b92acb3ea01e0db5790a617fb5985e67cf8a6be28b8",
                "sha256:738a222f16b032b5ccd4c686fc51e678d95e4c1f13c57f32233d3cb8aa2f34bf",
                "sha256:7fdfa95e3fe6fbcb7efc3e1d32680856a6e72c6399bc5dd76c2e7609b2e9bf58",
                "sha256:a6f3230927c776a490bc5c0675265d9fe59a8afde2e7f1f5bb0a6a4c05a49738"
            ],
            "index": "pypi",
            "version": "==0.2.0"
        },
        "kivy-deps-gstreamer": {
            "hashes": [
                "sha256:157d3c3d23876139f7cf839150ca5847b254f690a6e685e1e8535e12ccc553ff",
                "sha256:394e6b54f4c4bab4a9138b6c3d5fdee02a9837cdec48218340904e5cfb425219",
                "sha256:39cb2b5fe980c0cc814074f33d1e26eccad877c3524fa3e65274d2a090c96f17",
                "sha256:7f0b6bf44a458a9a27af87ef8a2da2906c053f97c9890cb6a5a61e4530438520",
                "sha256:9f3171d5353eacbe96bb3e480dda1bdc7f293ad971bdf668d3a93c516a327145",
                "sha256:c35175fecc9b666d77660d825802508d870619e4a47a1db880de888db6e15883"
            ],
            "index": "pypi",
            "version": "==0.2.0"
        },
        "kivy-deps-sdl2": {
            "hashes": [
                "sha256:182ba8686ba7d589d394c3fe07aba7d7187dc17846c118c27ce05aa6a3e9e7cb",
                "sha256:34f193da774535c7b1f377d5bf220751491eb479f4b0e2cf4b068419295473cc",
                "sha256:86671b769dddf8e7b1ad82773a01a724ff62742bffe4fa8f238d87b4d5f2a0b6",
                "sha256:b7e2648e85a43eb25ea61a4cdc9304a3855a8d36d76939b6968efeb81e853b83",
                "sha256:c2e1721aac0709f21835c8dd4aec5adea2d58e5df92005585f94d13bed2a2e06",
                "sha256:f6c5fff4c1ebb75144e700cfae9fa79ad3b752a14761efe6996031b67d845298"
            ],
            "index": "pypi",
            "version": "==0.2.0"
        },
        "kivy-garden": {
            "hashes": [
                "sha256:c256f42788421273a08fbb0a228f0fb0e80dd86b629fb8c0920507f645be6c72"
            ],
            "version": "==0.1.4"
        },
        "numpy": {
            "hashes": [
                "sha256:13af0184177469192d80db9bd02619f6fa8b922f9f327e077d6f2a6acb1ce1c0",
                "sha256:26a45798ca2a4e168d00de75d4a524abf5907949231512f372b217ede3429e98",
                "sha256:26f509450db547e4dfa3ec739419b31edad646d21fb8d0ed0734188b35ff6b27",
                "sha256:30a59fb41bb6b8c465ab50d60a1b298d1cd7b85274e71f38af5a75d6c475d2d2",
                "sha256:33c623ef9ca5e19e05991f127c1be5aeb1ab5cdf30cb1c5cf3960752e58b599b",
                "sha256:356f96c9fbec59974a592452ab6a036cd6f180822a60b529a975c9467fcd5f23",
                "sha256:3c40c827d36c6d1c3cf413694d7dc843d50997ebffbc7c87d888a203ed6403a7",
                "sha256:4d054f013a1983551254e2379385e359884e5af105e3efe00418977d02f634a7",
                "sha256:63d971bb211ad3ca37b2adecdd5365f40f3b741a455beecba70fd0dde8b2a4cb",
                "sha256:658624a11f6e1c252b2cd170d94bf28c8f9410acab9f2fd4369e11e1cd4e1aaf",
                "sha256:76766cc80d6128750075378d3bb7812cf146415bd29b588616f72c943c00d598",
                "sha256:7b57f26e5e6ee2f14f960db46bd58ffdca25ca06dd997729b1b179fddd35f5a3",
                "sha256:7b852817800eb02e109ae4a9cef2beda8dd50d98b76b6cfb7b5c0099d27b52d4",
                "sha256:8cde829f14bd38f6da7b2954be0f2837043e8b8d7a9110ec5e318ae6bf706610",
                "sha256:a2e3a39f43f0ce95204beb8fe0831199542ccab1e0c6e486a0b4947256215632",
                "sha256:a86c962e211f37edd61d6e11bb4df7eddc4a519a38a856e20a6498c319efa6b0",
                "sha256:a8705c5073fe3fcc297fb8e0b31aa794e05af6a329e81b7ca4ffecab7f2b95ef",
                "sha256:b6aaeadf1e4866ca0fdf7bb4eed25e521ae21a7947c59f78154b24fc7abbe1dd",
                "sha256:be62aeff8f2f054eff7725f502f6228298891fd648dc2630e03e44bf63e8cee0",
                "sha256:c2edbb783c841e36ca0fa159f0ae97a88ce8137fb3a6cd82eae77349ba4b607b",
                "sha256:cbe326f6d364375a8e5a8ccb7e9cd73f4b2f6dc3b2ed205633a0db8243e2a96a",
                "sha256:d34fbb98ad0d6b563b95de852a284074514331e6b9da0a9fc894fb1cdae7a79e",
                "sha256:d97a86937cf9970453c3b62abb55a6475f173347b4cde7f8dcdb48c8e1b9952d",
                "sha256:dd53d7c4a69e766e4900f29db5872f5824a06827d594427cf1a4aa542818b796",
                "sha256:df1889701e2dfd8ba4dc9b1a010f0a60950077fb5242bb92c8b5c7f1a6f2668a",
                "sha256:fa1fe75b4a9e18b66ae7f0b122543c42debcf800aaafa0212aaff3ad273c2596"
            ],
            "version": "==1.19.0"
        },
        "opencv-contrib-python": {
            "hashes": [
                "sha256:03a18245917acada8e69dd3171c75147cc8cac1aa9d3e5a3ffd346187d35d84b",
                "sha256:103faa075c4b087a94e4bf16264653dc17bdf0a1128e7b91f7e01f9b070e221d",
                "sha256:174eb016cc9186eb56e3ca381d1f684b5f2976f86000be2ec237394208c6b2f1",
                "sha256:18cc04cbb03ad5ac1a9bfc5f909fb1435f7cbf3a9c9453da6dabb2f2a90b8fb1",
                "sha256:1bd955bfde43a1c4cc52687955548f8931d01d558cfefc17e07269c2cd7dc9f7",
                "sha256:1cd1343832de47faf6f7961a685a9d53dd36f77533c6f587406ac894f0fa7777",
                "sha256:1f80cab0304f4cb2a4226d5d2a74084b0dca391f351686d5e59b861a43e63286",
                "sha256:302d4a2e8d39da9f2140d94ac9a0607b18db4c8dfaef6c1de4783de1533b26f3",
                "sha256:36efcc33a91149cb9bec80664b866509632dd0707b0a06982322c869b6c92056",
                "sha256:3dcbe2214828349f3e588e33802fa6be17fdd28243185d7fe97e595779952ced",
                "sha256:4e271d3c312500dc7c4ce44b6b882927481a0e02812cf8e7d239fa3749ce705e",
                "sha256:53194df820da959658f72dd9d4dc8421c43e464706c8a6ce8315a94a16e2eba6",
                "sha256:6ad182b2c88691938eca7a16b5bdb690fec1f58c87c34e605931ffb7b7dbacc1",
                "sha256:77aa8368b5adf217b97d238e09ab263a367640052e64137952f73f328ed0ed5e",
                "sha256:85e3dfc349626a8a49bbb57cf2e835a524b16b78fc76be605acf12998276d900",
                "sha256:8ba5109729281f72126ad2cea767e72937481ac47e5d7169fdf488f55fbcc1c7",
                "sha256:90d63ee7d40090b71fd9d2db63ad39f7e9a050a56c3c050a327a432cde16c14b",
                "sha256:a3cafb855e292c80ceeb83e3d6eb31a0897901ad1c2b92425d5638a30d4904d9",
                "sha256:ac968405976a86d35da933b2e3c222b88bd4ae920881047c452a2354423621a8",
                "sha256:b4713a36fe47466a78624ecf7efc7e251015c61ec24929ba439a13805a50a3ff",
                "sha256:b7f3210ab5585ced2aab5199888b3fa3e75d1b84382cf891c74b5c11d9a69967",
                "sha256:bfff087e02522cc9a465ecb473ddd531c1c8308ed2a5aafed17b26c4e71c9a81",
                "sha256:c8d3353f829d2cad6aaf2dcf8b73cef639533930a767cb0c31a4d9e32b99a4df",
                "sha256:d85eb7116979247b72f2b0f2c8019b8e8334e0c27bcc8722a3c1a868bf8f0c32",
                "sha256:eb94f12d81c7eeff73c08f016fdc28bd949db3372a7507d7f02dcc65396a64f8",
                "sha256:f6559a58bc0277ebb47b8ee8070c73f37d2b3d71b571c2db8e65705a89a5af90",
                "sha256:fe2a2af5787d80757692284146a1a8210423c9679bab9d4ef3a33503a102315b"
            ],
            "index": "pypi",
            "version": "==4.1.2.30"
        },
        "opencv-python": {
            "hashes": [
                "sha256:04bec0a6d3a00360a7fb769b755ff4489a4ac8291821b785151f63e6d8bb59ea",
                "sha256:1a2d1801c038f055852bd2379186ca8b19b4ea24afb0b8410293bc802211579b",
                "sha256:1c7d235faef511aca7669f1aa650897b6c058dfde6412ea3fc58feb0fce78814",
                "sha256:22c2ee5f97f85903bfb28c056566b2ecaa1d2f804b880ab39ebf94528a402992",
                "sha256:25127990671dc8bd27ae8b880d7a39f9aae863052a8fbebe8977c6ce8e5fc0c9",
                "sha256:3cef82b6a1f748d2f4527f5932a86d54ebd10bd89f6cf59b003c36b1015055f7",
                "sha256:499a0413e7110a934ab56e635252a4c86f8be64de59f94a62318a7b895dc809e",
                "sha256:5f2cf5a0ab244a0a1dbe5ec426c277b55e06ac6a472ad61be77ef643a238cbd3",
                "sha256:5fec35916a6b9ce935f2e2806084303fd4e3fbb0c973a8db8f54b5aca54613cb",
                "sha256:6183c9c7fab4590e0651bc941cde780988c3ad9889bd62de19d581a6f59523ea",
                "sha256:67a236db8db84d7fb0f6e127f360ce6669350ef324839132e22879ec90588dab",
                "sha256:6c32d36f52a6e0c02d1ab0bb95223cb4dd5525a7e8292a747116126b3d34c578",
                "sha256:73a467a78ffd902d2c0265ab6b2e2cdda423d61b3d08685e0c7d0b4572142ff1",
                "sha256:76de8a247970d150b1672c6646cda91217d562682e713721fc9b9bf1434553c4",
                "sha256:919d5c3ec1a62258ba8c68b869b1056186e2355c4474739b199c295547e66cc1",
                "sha256:982d4e80c14356098cde57a6c7d18fe0928a1c3118675bac2252ef38f152e1ab",
                "sha256:9d025e6bf2989bcbc7744c26d8bd90c2629a92d8de3ba2416f62ce2a94615dd9",
                "sha256:bb59f98205cd81e29f45eed043cf0f98531486dc0b3f671c9e06fecf08f7ccef",
                "sha256:c8119248457e909dcd7b598621ed1d139419d69377e8cb4e2b2c49c819de287d",
                "sha256:ce7b1f25be04b04f2e678b2bf23a975137f77406dcee66a88a2daeb77cda3e76",
                "sha256:d64428bf59ab4d27620b00a2ad6fea2b4d62016a17849c82a7517ec12db97d55",
                "sha256:e2ffa3161b8662112f1880734e8b9549d0c9e818e59f652a9d1c5bf31e36586a",
                "sha256:e6fc00ac42c800fad5fb3927cfb9bf4e60bb3302cb9805f45b826d5d2546119a",
                "sha256:e793df2e12093b3a01006b5b27f321e306193c7a5c9e2a6c8bf652e1ad2d6a86",
                "sha256:eae543b3e9253ff702103333aabd87736b5ed5e46ab834d8e0b929f08f494dee",
                "sha256:f0af656402b73ead2d9f593c2774c04b01e2d0c63e4f99e0dc2f3fde99be22b4"
            ],
            "index": "pypi",
            "version": "==4.1.2.30"
        },
        "pygments": {
            "hashes": [
                "sha256:647344a061c249a3b74e230c739f434d7ea4d8b1d5f3721bc0f3558049b38f44",
                "sha256:ff7a40b4860b727ab48fad6360eb351cc1b33cbf9b15a0f689ca5353e9463324"
            ],
            "index": "pypi",
            "version": "==2.6.1"
        },
        "pypiwin32": {
            "hashes": [
                "sha256:67adf399debc1d5d14dffc1ab5acacb800da569754fafdc576b2a039485aa775",
                "sha256:71be40c1fbd28594214ecaecb58e7aa8b708eabfa0125c8a109ebd51edbd776a"
            ],
            "index": "pypi",
            "version": "==223"
        },
        "pywin32": {
            "hashes": [
                "sha256:00eaf43dbd05ba6a9b0080c77e161e0b7a601f9a3f660727a952e40140537de7",
                "sha256:11cb6610efc2f078c9e6d8f5d0f957620c333f4b23466931a247fb945ed35e89",
                "sha256:1f45db18af5d36195447b2cffacd182fe2d296849ba0aecdab24d3852fbf3f80",
                "sha256:37dc9935f6a383cc744315ae0c2882ba1768d9b06700a70f35dc1ce73cd4ba9c",
                "sha256:6e38c44097a834a4707c1b63efa9c2435f5a42afabff634a17f563bc478dfcc8",
                "sha256:8319bafdcd90b7202c50d6014efdfe4fde9311b3ff15fd6f893a45c0868de203",
                "sha256:9b3466083f8271e1a5eb0329f4e0d61925d46b40b195a33413e0905dccb285e8",
                "sha256:a60d795c6590a5b6baeacd16c583d91cce8038f959bd80c53bd9a68f40130f2d",
                "sha256:af40887b6fc200eafe4d7742c48417529a8702dcc1a60bf89eee152d1d11209f",
                "sha256:ec16d44b49b5f34e99eb97cf270806fdc560dff6f84d281eb2fcb89a014a56a9",
                "sha256:ed74b72d8059a6606f64842e7917aeee99159ebd6b8d6261c518d002837be298",
                "sha256:fa6ba028909cfc64ce9e24bcf22f588b14871980d9787f1e2002c99af8f1850c"
            ],
            "version": "==228"
        },
        "requests": {
            "hashes": [
                "sha256:b3559a131db72c33ee969480840fff4bb6dd111de7dd27c8ee1f820f4f00231b",
                "sha256:fe75cc94a9443b9246fc7049224f75604b113c36acb93f87b80ed42c44cbb898"
            ],
            "version": "==2.24.0"
        },
        "urllib3": {
            "hashes": [
                "sha256:3018294ebefce6572a474f0604c2021e33b3fd8006ecd11d62107a5d2a963527",
                "sha256:88206b0eb87e6d677d424843ac5209e3fb9d0190d0ee169599165ec25e9d9115"
            ],
            "version": "==1.25.9"
        }
    },
    "develop": {}
}
